schema: '2.0'
stages:
  data_ingestion:
    cmd: python src/cnnClassifier/pipeline/stage_01_data_ingestion.py
    deps:
    - path: config/config.yaml
      hash: md5
      md5: 1c8148072faec3083543c3addba33ee3
      size: 778
    - path: src/cnnClassifier/pipeline/stage_01_data_ingestion.py
      hash: md5
      md5: d919905fd990ad4b00f57a76c8cfddab
      size: 965
    outs:
    - path: artifacts/data_ingestion/Chicken-fecal-images
      hash: md5
      md5: 9e1f8dd2eae3c29e9d635df89d438ae4.dir
      size: 12207807
      nfiles: 390
  prepare_base_model:
    cmd: python src/cnnClassifier/pipeline/stage_02_prepare_base_model.py
    deps:
    - path: config/config.yaml
      hash: md5
      md5: 1c8148072faec3083543c3addba33ee3
      size: 778
    - path: src/cnnClassifier/pipeline/stage_02_prepare_base_model.py
      hash: md5
      md5: 1899d48e7f02a40643547dd09403bde3
      size: 978
    params:
      params.yaml:
        CLASSES: 2
        IMAGE_SIZE:
        - 224
        - 224
        - 3
        INCLUDE_TOP: false
        LEARNING_RATE: 0.01
        WEIGHTS: imagenet
    outs:
    - path: artifacts/prepare_base_model
      hash: md5
      md5: c71dd349ee53399b42757754cb226f69.dir
      size: 118059248
      nfiles: 2
  training:
    cmd: python src/cnnClassifier/pipeline/stage_03_training.py
    deps:
    - path: artifacts/data_ingestion/Chicken-fecal-images
      hash: md5
      md5: 9e1f8dd2eae3c29e9d635df89d438ae4.dir
      size: 12207807
      nfiles: 390
    - path: artifacts/prepare_base_model
      hash: md5
      md5: c71dd349ee53399b42757754cb226f69.dir
      size: 118059248
      nfiles: 2
    - path: config/config.yaml
      hash: md5
      md5: 1c8148072faec3083543c3addba33ee3
      size: 778
    - path: src/cnnClassifier/components/prepare_callbacks.py
      hash: md5
      md5: 18a5b4a742f52248b4ea62962512f98d
      size: 1033
    - path: src/cnnClassifier/pipeline/stage_03_training.py
      hash: md5
      md5: 428ca9e876daf87f93cb7ee9aaa3ca69
      size: 1297
    params:
      params.yaml:
        AUGMENTATION: true
        BATCH_SIZE: 16
        EPOCHS: 1
        IMAGE_SIZE:
        - 224
        - 224
        - 3
    outs:
    - path: artifacts/training/model.h5
      hash: md5
      md5: 0691219ff392ee1433e327c1d13fa86d
      size: 59340720
  evaluation:
    cmd: python src/cnnClassifier/pipeline/stage_04_evaluation.py
    deps:
    - path: artifacts/data_ingestion/Chicken-fecal-images
      hash: md5
      md5: 9e1f8dd2eae3c29e9d635df89d438ae4.dir
      size: 12207807
      nfiles: 390
    - path: artifacts/training/model.h5
      hash: md5
      md5: 0691219ff392ee1433e327c1d13fa86d
      size: 59340720
    - path: config/config.yaml
      hash: md5
      md5: 1c8148072faec3083543c3addba33ee3
      size: 778
    - path: src/cnnClassifier/pipeline/stage_04_evaluation.py
      hash: md5
      md5: ce4edea29e7a5b35d26c4e909c4da2e5
      size: 868
    params:
      params.yaml:
        BATCH_SIZE: 16
        IMAGE_SIZE:
        - 224
        - 224
        - 3
    outs:
    - path: scores.json
      hash: md5
      md5: eb4010c1e5db7dfce71aec0994a30e65
      size: 70
